
Microsoft Visual Studio Solution File, Format Version 12.00
# Visual Studio 14
VisualStudioVersion = 14.0.24720.0
MinimumVisualStudioVersion = 10.0.40219.1
Project("{FAE04EC0-301F-11D3-BF4B-00C04F79EFBC}") = "Eq.UI", "Eq.UI\Eq.UI.csproj", "{C6168FAC-82FE-43C4-88B9-8D77C93589F5}"
EndProject
Project("{2150E333-8FDC-42A3-9474-1A3956D46DE8}") = "UI", "UI", "{F3F3828C-363B-47F1-A2EB-1584370215AB}"
EndProject
Project("{2150E333-8FDC-42A3-9474-1A3956D46DE8}") = "Domain", "Domain", "{5C63B9D5-79DB-4D7B-8B1F-2BFBEB2DC5AD}"
EndProject
Project("{2150E333-8FDC-42A3-9474-1A3956D46DE8}") = "Utils", "Utils", "{A14989CD-79F0-49CE-A409-61BA3D3EB81C}"
EndProject
Project("{FAE04EC0-301F-11D3-BF4B-00C04F79EFBC}") = "Eq.StockDomain", "Eq.StockDomain\Eq.StockDomain.csproj", "{FEFA261F-6E3E-49C1-A709-34953C501211}"
EndProject
Project("{2150E333-8FDC-42A3-9474-1A3956D46DE8}") = "Tests", "Tests", "{928FBE22-AA1A-4DB0-801E-BEE18BD8B564}"
EndProject
Project("{2150E333-8FDC-42A3-9474-1A3956D46DE8}") = "UI", "UI", "{C7B6C2E7-CC8E-4A55-A660-59CB2B10C100}"
EndProject
Project("{2150E333-8FDC-42A3-9474-1A3956D46DE8}") = "Domain", "Domain", "{076DBE03-B93A-4B25-A652-C06426C101E6}"
EndProject
Project("{2150E333-8FDC-42A3-9474-1A3956D46DE8}") = "Utils", "Utils", "{E87B5E2E-42EA-4CCD-9333-61AE33D431C8}"
EndProject
Project("{FAE04EC0-301F-11D3-BF4B-00C04F79EFBC}") = "Eq.Test.UI", "Eq.Test.UI\Eq.Test.UI.csproj", "{E63DD3B7-5D13-4575-A358-9757D12CC2DE}"
EndProject
Project("{FAE04EC0-301F-11D3-BF4B-00C04F79EFBC}") = "Eq.Core", "Eq.Core\Eq.Core.csproj", "{3840DCB7-1A51-4E3C-87DA-20F0476CCD8E}"
EndProject
Project("{FAE04EC0-301F-11D3-BF4B-00C04F79EFBC}") = "Eq.Test.Core", "Eq.Test.Core\Eq.Test.Core.csproj", "{63FFFA1F-18B9-469E-940B-08081BEAC39E}"
EndProject
Project("{FAE04EC0-301F-11D3-BF4B-00C04F79EFBC}") = "Eq.Test.StockDomain", "Eq.Test.StockDomain\Eq.Test.StockDomain.csproj", "{30EE092E-FFB8-4CCB-9166-4DFEB0C5E4EE}"
EndProject
Global
	GlobalSection(SolutionConfigurationPlatforms) = preSolution
		Debug|Any CPU = Debug|Any CPU
		Release|Any CPU = Release|Any CPU
	EndGlobalSection
	GlobalSection(ProjectConfigurationPlatforms) = postSolution
		{C6168FAC-82FE-43C4-88B9-8D77C93589F5}.Debug|Any CPU.ActiveCfg = Debug|Any CPU
		{C6168FAC-82FE-43C4-88B9-8D77C93589F5}.Debug|Any CPU.Build.0 = Debug|Any CPU
		{C6168FAC-82FE-43C4-88B9-8D77C93589F5}.Release|Any CPU.ActiveCfg = Release|Any CPU
		{C6168FAC-82FE-43C4-88B9-8D77C93589F5}.Release|Any CPU.Build.0 = Release|Any CPU
		{FEFA261F-6E3E-49C1-A709-34953C501211}.Debug|Any CPU.ActiveCfg = Debug|Any CPU
		{FEFA261F-6E3E-49C1-A709-34953C501211}.Debug|Any CPU.Build.0 = Debug|Any CPU
		{FEFA261F-6E3E-49C1-A709-34953C501211}.Release|Any CPU.ActiveCfg = Release|Any CPU
		{FEFA261F-6E3E-49C1-A709-34953C501211}.Release|Any CPU.Build.0 = Release|Any CPU
		{E63DD3B7-5D13-4575-A358-9757D12CC2DE}.Debug|Any CPU.ActiveCfg = Debug|Any CPU
		{E63DD3B7-5D13-4575-A358-9757D12CC2DE}.Debug|Any CPU.Build.0 = Debug|Any CPU
		{E63DD3B7-5D13-4575-A358-9757D12CC2DE}.Release|Any CPU.ActiveCfg = Release|Any CPU
		{E63DD3B7-5D13-4575-A358-9757D12CC2DE}.Release|Any CPU.Build.0 = Release|Any CPU
		{3840DCB7-1A51-4E3C-87DA-20F0476CCD8E}.Debug|Any CPU.ActiveCfg = Debug|Any CPU
		{3840DCB7-1A51-4E3C-87DA-20F0476CCD8E}.Debug|Any CPU.Build.0 = Debug|Any CPU
		{3840DCB7-1A51-4E3C-87DA-20F0476CCD8E}.Release|Any CPU.ActiveCfg = Release|Any CPU
		{3840DCB7-1A51-4E3C-87DA-20F0476CCD8E}.Release|Any CPU.Build.0 = Release|Any CPU
		{63FFFA1F-18B9-469E-940B-08081BEAC39E}.Debug|Any CPU.ActiveCfg = Debug|Any CPU
		{63FFFA1F-18B9-469E-940B-08081BEAC39E}.Debug|Any CPU.Build.0 = Debug|Any CPU
		{63FFFA1F-18B9-469E-940B-08081BEAC39E}.Release|Any CPU.ActiveCfg = Release|Any CPU
		{63FFFA1F-18B9-469E-940B-08081BEAC39E}.Release|Any CPU.Build.0 = Release|Any CPU
		{30EE092E-FFB8-4CCB-9166-4DFEB0C5E4EE}.Debug|Any CPU.ActiveCfg = Debug|Any CPU
		{30EE092E-FFB8-4CCB-9166-4DFEB0C5E4EE}.Debug|Any CPU.Build.0 = Debug|Any CPU
		{30EE092E-FFB8-4CCB-9166-4DFEB0C5E4EE}.Release|Any CPU.ActiveCfg = Release|Any CPU
		{30EE092E-FFB8-4CCB-9166-4DFEB0C5E4EE}.Release|Any CPU.Build.0 = Release|Any CPU
	EndGlobalSection
	GlobalSection(SolutionProperties) = preSolution
		HideSolutionNode = FALSE
	EndGlobalSection
	GlobalSection(NestedProjects) = preSolution
		{C6168FAC-82FE-43C4-88B9-8D77C93589F5} = {F3F3828C-363B-47F1-A2EB-1584370215AB}
		{FEFA261F-6E3E-49C1-A709-34953C501211} = {5C63B9D5-79DB-4D7B-8B1F-2BFBEB2DC5AD}
		{C7B6C2E7-CC8E-4A55-A660-59CB2B10C100} = {928FBE22-AA1A-4DB0-801E-BEE18BD8B564}
		{076DBE03-B93A-4B25-A652-C06426C101E6} = {928FBE22-AA1A-4DB0-801E-BEE18BD8B564}
		{E87B5E2E-42EA-4CCD-9333-61AE33D431C8} = {928FBE22-AA1A-4DB0-801E-BEE18BD8B564}
		{E63DD3B7-5D13-4575-A358-9757D12CC2DE} = {C7B6C2E7-CC8E-4A55-A660-59CB2B10C100}
		{3840DCB7-1A51-4E3C-87DA-20F0476CCD8E} = {A14989CD-79F0-49CE-A409-61BA3D3EB81C}
		{63FFFA1F-18B9-469E-940B-08081BEAC39E} = {E87B5E2E-42EA-4CCD-9333-61AE33D431C8}
		{30EE092E-FFB8-4CCB-9166-4DFEB0C5E4EE} = {076DBE03-B93A-4B25-A652-C06426C101E6}
	EndGlobalSection
EndGlobal
